
Microsoft Visual Studio Solution File, Format Version 12.00
# Visual Studio Version 17
VisualStudioVersion = 17.4.33122.133
MinimumVisualStudioVersion = 10.0.40219.1
Project("{FAE04EC0-301F-11D3-BF4B-00C04F79EFBC}") = "HomeWork_7", "HomeWork_7\HomeWork_7.csproj", "{98FF112B-AE92-498C-A7AA-A1FAA386982B}"
EndProject
Global
	GlobalSection(SolutionConfigurationPlatforms) = preSolution
		Debug|Any CPU = Debug|Any CPU
		Release|Any CPU = Release|Any CPU
	EndGlobalSection
	GlobalSection(ProjectConfigurationPlatforms) = postSolution
		{98FF112B-AE92-498C-A7AA-A1FAA386982B}.Debug|Any CPU.ActiveCfg = Debug|Any CPU
		{98FF112B-AE92-498C-A7AA-A1FAA386982B}.Debug|Any CPU.Build.0 = Debug|Any CPU
		{98FF112B-AE92-498C-A7AA-A1FAA386982B}.Release|Any CPU.ActiveCfg = Release|Any CPU
		{98FF112B-AE92-498C-A7AA-A1FAA386982B}.Release|Any CPU.Build.0 = Release|Any CPU
	EndGlobalSection
	GlobalSection(SolutionProperties) = preSolution
		HideSolutionNode = FALSE
	EndGlobalSection
	GlobalSection(ExtensibilityGlobals) = postSolution
		SolutionGuid = {8F1643E9-764E-4056-863F-444DF02A309E}
	EndGlobalSection
EndGlobal
